
Microsoft Visual Studio Solution File, Format Version 12.00
# Visual Studio Version 16
VisualStudioVersion = 16.0.29709.97
MinimumVisualStudioVersion = 10.0.40219.1
Project("{FAE04EC0-301F-11D3-BF4B-00C04F79EFBC}") = "CxC_Seminario", "CxC_Seminario.csproj", "{39B3C267-9C30-4B49-B2F6-53B1EF743284}"
EndProject
Global
	GlobalSection(SolutionConfigurationPlatforms) = preSolution
		Debug|Any CPU = Debug|Any CPU
		Release|Any CPU = Release|Any CPU
	EndGlobalSection
	GlobalSection(ProjectConfigurationPlatforms) = postSolution
		{39B3C267-9C30-4B49-B2F6-53B1EF743284}.Debug|Any CPU.ActiveCfg = Debug|Any CPU
		{39B3C267-9C30-4B49-B2F6-53B1EF743284}.Debug|Any CPU.Build.0 = Debug|Any CPU
		{39B3C267-9C30-4B49-B2F6-53B1EF743284}.Release|Any CPU.ActiveCfg = Release|Any CPU
		{39B3C267-9C30-4B49-B2F6-53B1EF743284}.Release|Any CPU.Build.0 = Release|Any CPU
	EndGlobalSection
	GlobalSection(SolutionProperties) = preSolution
		HideSolutionNode = FALSE
	EndGlobalSection
	GlobalSection(ExtensibilityGlobals) = postSolution
		SolutionGuid = {EAF8B533-9D3F-467E-B485-782260E4F197}
	EndGlobalSection
EndGlobal
